
Microsoft Visual Studio Solution File, Format Version 12.00
# Visual Studio Version 16
VisualStudioVersion = 16.0.31729.503
MinimumVisualStudioVersion = 10.0.40219.1
Project("{FAE04EC0-301F-11D3-BF4B-00C04F79EFBC}") = "PizzaApp.Android", "PizzaApp\PizzaApp.Android\PizzaApp.Android.csproj", "{95249F94-F036-4681-93BB-4EC6FFCA2F78}"
EndProject
Project("{FAE04EC0-301F-11D3-BF4B-00C04F79EFBC}") = "PizzaApp.iOS", "PizzaApp\PizzaApp.iOS\PizzaApp.iOS.csproj", "{2B24CF9B-9F2A-4F20-9BF7-215313EE29FE}"
EndProject
Project("{FAE04EC0-301F-11D3-BF4B-00C04F79EFBC}") = "PizzaApp", "PizzaApp\PizzaApp\PizzaApp.csproj", "{A4FE0A2E-B0A7-4413-AA67-B9CBBBE6738C}"
EndProject
Global
	GlobalSection(SolutionConfigurationPlatforms) = preSolution
		Debug|Any CPU = Debug|Any CPU
		Debug|iPhone = Debug|iPhone
		Debug|iPhoneSimulator = Debug|iPhoneSimulator
		Release|Any CPU = Release|Any CPU
		Release|iPhone = Release|iPhone
		Release|iPhoneSimulator = Release|iPhoneSimulator
	EndGlobalSection
	GlobalSection(ProjectConfigurationPlatforms) = postSolution
		{95249F94-F036-4681-93BB-4EC6FFCA2F78}.Debug|Any CPU.ActiveCfg = Debug|Any CPU
		{95249F94-F036-4681-93BB-4EC6FFCA2F78}.Debug|Any CPU.Build.0 = Debug|Any CPU
		{95249F94-F036-4681-93BB-4EC6FFCA2F78}.Debug|Any CPU.Deploy.0 = Debug|Any CPU
		{95249F94-F036-4681-93BB-4EC6FFCA2F78}.Debug|iPhone.ActiveCfg = Debug|Any CPU
		{95249F94-F036-4681-93BB-4EC6FFCA2F78}.Debug|iPhone.Build.0 = Debug|Any CPU
		{95249F94-F036-4681-93BB-4EC6FFCA2F78}.Debug|iPhone.Deploy.0 = Debug|Any CPU
		{95249F94-F036-4681-93BB-4EC6FFCA2F78}.Debug|iPhoneSimulator.ActiveCfg = Debug|Any CPU
		{95249F94-F036-4681-93BB-4EC6FFCA2F78}.Debug|iPhoneSimulator.Build.0 = Debug|Any CPU
		{95249F94-F036-4681-93BB-4EC6FFCA2F78}.Debug|iPhoneSimulator.Deploy.0 = Debug|Any CPU
		{95249F94-F036-4681-93BB-4EC6FFCA2F78}.Release|Any CPU.ActiveCfg = Release|Any CPU
		{95249F94-F036-4681-93BB-4EC6FFCA2F78}.Release|Any CPU.Build.0 = Release|Any CPU
		{95249F94-F036-4681-93BB-4EC6FFCA2F78}.Release|Any CPU.Deploy.0 = Release|Any CPU
		{95249F94-F036-4681-93BB-4EC6FFCA2F78}.Release|iPhone.ActiveCfg = Release|Any CPU
		{95249F94-F036-4681-93BB-4EC6FFCA2F78}.Release|iPhone.Build.0 = Release|Any CPU
		{95249F94-F036-4681-93BB-4EC6FFCA2F78}.Release|iPhone.Deploy.0 = Release|Any CPU
		{95249F94-F036-4681-93BB-4EC6FFCA2F78}.Release|iPhoneSimulator.ActiveCfg = Release|Any CPU
		{95249F94-F036-4681-93BB-4EC6FFCA2F78}.Release|iPhoneSimulator.Build.0 = Release|Any CPU
		{95249F94-F036-4681-93BB-4EC6FFCA2F78}.Release|iPhoneSimulator.Deploy.0 = Release|Any CPU
		{2B24CF9B-9F2A-4F20-9BF7-215313EE29FE}.Debug|Any CPU.ActiveCfg = Debug|iPhone
		{2B24CF9B-9F2A-4F20-9BF7-215313EE29FE}.Debug|Any CPU.Build.0 = Debug|iPhone
		{2B24CF9B-9F2A-4F20-9BF7-215313EE29FE}.Debug|Any CPU.Deploy.0 = Debug|iPhone
		{2B24CF9B-9F2A-4F20-9BF7-215313EE29FE}.Debug|iPhone.ActiveCfg = Debug|iPhone
		{2B24CF9B-9F2A-4F20-9BF7-215313EE29FE}.Debug|iPhone.Build.0 = Debug|iPhone
		{2B24CF9B-9F2A-4F20-9BF7-215313EE29FE}.Debug|iPhone.Deploy.0 = Debug|iPhone
		{2B24CF9B-9F2A-4F20-9BF7-215313EE29FE}.Debug|iPhoneSimulator.ActiveCfg = Debug|iPhoneSimulator
		{2B24CF9B-9F2A-4F20-9BF7-215313EE29FE}.Debug|iPhoneSimulator.Build.0 = Debug|iPhoneSimulator
		{2B24CF9B-9F2A-4F20-9BF7-215313EE29FE}.Debug|iPhoneSimulator.Deploy.0 = Debug|iPhoneSimulator
		{2B24CF9B-9F2A-4F20-9BF7-215313EE29FE}.Release|Any CPU.ActiveCfg = Release|iPhoneSimulator
		{2B24CF9B-9F2A-4F20-9BF7-215313EE29FE}.Release|Any CPU.Build.0 = Release|iPhoneSimulator
		{2B24CF9B-9F2A-4F20-9BF7-215313EE29FE}.Release|Any CPU.Deploy.0 = Release|iPhoneSimulator
		{2B24CF9B-9F2A-4F20-9BF7-215313EE29FE}.Release|iPhone.ActiveCfg = Release|iPhone
		{2B24CF9B-9F2A-4F20-9BF7-215313EE29FE}.Release|iPhone.Build.0 = Release|iPhone
		{2B24CF9B-9F2A-4F20-9BF7-215313EE29FE}.Release|iPhone.Deploy.0 = Release|iPhone
		{2B24CF9B-9F2A-4F20-9BF7-215313EE29FE}.Release|iPhoneSimulator.ActiveCfg = Release|iPhoneSimulator
		{2B24CF9B-9F2A-4F20-9BF7-215313EE29FE}.Release|iPhoneSimulator.Build.0 = Release|iPhoneSimulator
		{2B24CF9B-9F2A-4F20-9BF7-215313EE29FE}.Release|iPhoneSimulator.Deploy.0 = Release|iPhoneSimulator
		{A4FE0A2E-B0A7-4413-AA67-B9CBBBE6738C}.Debug|Any CPU.ActiveCfg = Debug|Any CPU
		{A4FE0A2E-B0A7-4413-AA67-B9CBBBE6738C}.Debug|Any CPU.Build.0 = Debug|Any CPU
		{A4FE0A2E-B0A7-4413-AA67-B9CBBBE6738C}.Debug|Any CPU.Deploy.0 = Debug|Any CPU
		{A4FE0A2E-B0A7-4413-AA67-B9CBBBE6738C}.Debug|iPhone.ActiveCfg = Debug|Any CPU
		{A4FE0A2E-B0A7-4413-AA67-B9CBBBE6738C}.Debug|iPhone.Build.0 = Debug|Any CPU
		{A4FE0A2E-B0A7-4413-AA67-B9CBBBE6738C}.Debug|iPhone.Deploy.0 = Debug|Any CPU
		{A4FE0A2E-B0A7-4413-AA67-B9CBBBE6738C}.Debug|iPhoneSimulator.ActiveCfg = Debug|Any CPU
		{A4FE0A2E-B0A7-4413-AA67-B9CBBBE6738C}.Debug|iPhoneSimulator.Build.0 = Debug|Any CPU
		{A4FE0A2E-B0A7-4413-AA67-B9CBBBE6738C}.Debug|iPhoneSimulator.Deploy.0 = Debug|Any CPU
		{A4FE0A2E-B0A7-4413-AA67-B9CBBBE6738C}.Release|Any CPU.ActiveCfg = Release|Any CPU
		{A4FE0A2E-B0A7-4413-AA67-B9CBBBE6738C}.Release|Any CPU.Build.0 = Release|Any CPU
		{A4FE0A2E-B0A7-4413-AA67-B9CBBBE6738C}.Release|Any CPU.Deploy.0 = Release|Any CPU
		{A4FE0A2E-B0A7-4413-AA67-B9CBBBE6738C}.Release|iPhone.ActiveCfg = Release|Any CPU
		{A4FE0A2E-B0A7-4413-AA67-B9CBBBE6738C}.Release|iPhone.Build.0 = Release|Any CPU
		{A4FE0A2E-B0A7-4413-AA67-B9CBBBE6738C}.Release|iPhone.Deploy.0 = Release|Any CPU
		{A4FE0A2E-B0A7-4413-AA67-B9CBBBE6738C}.Release|iPhoneSimulator.ActiveCfg = Release|Any CPU
		{A4FE0A2E-B0A7-4413-AA67-B9CBBBE6738C}.Release|iPhoneSimulator.Build.0 = Release|Any CPU
		{A4FE0A2E-B0A7-4413-AA67-B9CBBBE6738C}.Release|iPhoneSimulator.Deploy.0 = Release|Any CPU
	EndGlobalSection
	GlobalSection(SolutionProperties) = preSolution
		HideSolutionNode = FALSE
	EndGlobalSection
	GlobalSection(ExtensibilityGlobals) = postSolution
		SolutionGuid = {76F79855-C74E-4E10-91C7-40B708D576DA}
	EndGlobalSection
EndGlobal
